{
  "nodes": {
    "nixpkgs": {
      "locked": {
        "lastModified": 1639130158,
        "narHash": "sha256-/5a/7J3AE5ATzB3HdFZ9C9VlPbUK5bIGsRX7veSujXA=",
        "owner": "NixOS",
        "repo": "nixpkgs",
        "rev": "3b422991781220853035dbe353ba8b7cb279b6b3",
        "type": "github"
      },
      "original": {
        "owner": "NixOS",
        "ref": "nixos-21.05",
        "repo": "nixpkgs",
        "type": "github"
      }
    },
    "root": {
      "inputs": {
        "nixpkgs": "nixpkgs"
      }
    }
  },
  "root": "root",
  "version": 7
}
